
Microsoft Visual Studio Solution File, Format Version 12.00
# Visual Studio 15
VisualStudioVersion = 15.0.28010.2048
MinimumVisualStudioVersion = 10.0.40219.1
Project("{FAE04EC0-301F-11D3-BF4B-00C04F79EFBC}") = "MainForm", "MainForm\MainForm.csproj", "{1CAC94CC-FDB2-474D-91F1-C5B2CB392A18}"
EndProject
Global
	GlobalSection(SolutionConfigurationPlatforms) = preSolution
		Debug|x64 = Debug|x64
		Release|x64 = Release|x64
	EndGlobalSection
	GlobalSection(ProjectConfigurationPlatforms) = postSolution
		{1CAC94CC-FDB2-474D-91F1-C5B2CB392A18}.Debug|x64.ActiveCfg = Debug|x64
		{1CAC94CC-FDB2-474D-91F1-C5B2CB392A18}.Debug|x64.Build.0 = Debug|x64
		{1CAC94CC-FDB2-474D-91F1-C5B2CB392A18}.Release|x64.ActiveCfg = Release|x64
		{1CAC94CC-FDB2-474D-91F1-C5B2CB392A18}.Release|x64.Build.0 = Release|x64
	EndGlobalSection
	GlobalSection(SolutionProperties) = preSolution
		HideSolutionNode = FALSE
	EndGlobalSection
	GlobalSection(ExtensibilityGlobals) = postSolution
		SolutionGuid = {8AE3792B-6614-408F-BB09-7494D030DE7B}
	EndGlobalSection
EndGlobal
